// !$*UTF8*$!
{
	archiveVersion = 1;
	classes = {
	};
	objectVersion = 46;
	objects = {

/* Begin PBXBuildFile section */
		B62A0BFA1ECC2C8E00245D42 /* FLBaseComponent.swift in Sources */ = {isa = PBXBuildFile; fileRef = B62A0BF91ECC2C8E00245D42 /* FLBaseComponent.swift */; };
		B62A0BFC1ECC2F0A00245D42 /* FLCollectionBaseComponent.swift in Sources */ = {isa = PBXBuildFile; fileRef = B62A0BFB1ECC2F0A00245D42 /* FLCollectionBaseComponent.swift */; };
		B62A0BFE1ECC49B500245D42 /* FLCollectionComponentProtocol.swift in Sources */ = {isa = PBXBuildFile; fileRef = B62A0BFD1ECC49B500245D42 /* FLCollectionComponentProtocol.swift */; };
		B62A0C001ECC4A3200245D42 /* FLBaseComponentProtocol.swift in Sources */ = {isa = PBXBuildFile; fileRef = B62A0BFF1ECC4A3200245D42 /* FLBaseComponentProtocol.swift */; };
		B62A0C021ECC4D6800245D42 /* FLCollectionComponentController.swift in Sources */ = {isa = PBXBuildFile; fileRef = B62A0C011ECC4D6800245D42 /* FLCollectionComponentController.swift */; };
		B62A0C081ECD424000245D42 /* FLCollectionViewFlowLayout.swift in Sources */ = {isa = PBXBuildFile; fileRef = B62A0C071ECD424000245D42 /* FLCollectionViewFlowLayout.swift */; };
		B62A0C1D1ED2DD8900245D42 /* DemoCollectionComponentOne.swift in Sources */ = {isa = PBXBuildFile; fileRef = B62A0C131ED2DD8900245D42 /* DemoCollectionComponentOne.swift */; };
		B62A0C1E1ED2DD8900245D42 /* DemoCollectionComponentTwo.swift in Sources */ = {isa = PBXBuildFile; fileRef = B62A0C141ED2DD8900245D42 /* DemoCollectionComponentTwo.swift */; };
		B62A0C1F1ED2DD8900245D42 /* DemoCollectionViewCell.swift in Sources */ = {isa = PBXBuildFile; fileRef = B62A0C151ED2DD8900245D42 /* DemoCollectionViewCell.swift */; };
		B62A0C201ED2DD8900245D42 /* DemoCollectionViewCell.xib in Resources */ = {isa = PBXBuildFile; fileRef = B62A0C161ED2DD8900245D42 /* DemoCollectionViewCell.xib */; };
		B62A0C211ED2DD8900245D42 /* DemoCollectionViewController.swift in Sources */ = {isa = PBXBuildFile; fileRef = B62A0C171ED2DD8900245D42 /* DemoCollectionViewController.swift */; };
		B62A0C221ED2DD8900245D42 /* DemoComponent.swift in Sources */ = {isa = PBXBuildFile; fileRef = B62A0C191ED2DD8900245D42 /* DemoComponent.swift */; };
		B62A0C231ED2DD8900245D42 /* NibDemoComponent.swift in Sources */ = {isa = PBXBuildFile; fileRef = B62A0C1A1ED2DD8900245D42 /* NibDemoComponent.swift */; };
		B62A0C241ED2DD8900245D42 /* NibDemoTableViewCell.swift in Sources */ = {isa = PBXBuildFile; fileRef = B62A0C1B1ED2DD8900245D42 /* NibDemoTableViewCell.swift */; };
		B62A0C251ED2DD8900245D42 /* NibDemoTableViewCell.xib in Resources */ = {isa = PBXBuildFile; fileRef = B62A0C1C1ED2DD8900245D42 /* NibDemoTableViewCell.xib */; };
		B62A0C271ED2DDAB00245D42 /* DemoViewController.swift in Sources */ = {isa = PBXBuildFile; fileRef = B62A0C261ED2DDAA00245D42 /* DemoViewController.swift */; };
		B62A0C291ED2E5AF00245D42 /* FLCollectionHeaderFooterView.swift in Sources */ = {isa = PBXBuildFile; fileRef = B62A0C281ED2E5AF00245D42 /* FLCollectionHeaderFooterView.swift */; };
		B6B5C9CC1EC443AE006BA487 /* AppDelegate.swift in Sources */ = {isa = PBXBuildFile; fileRef = B6B5C9CB1EC443AE006BA487 /* AppDelegate.swift */; };
		B6B5C9CE1EC443AE006BA487 /* ViewController.swift in Sources */ = {isa = PBXBuildFile; fileRef = B6B5C9CD1EC443AE006BA487 /* ViewController.swift */; };
		B6B5C9D11EC443AE006BA487 /* Main.storyboard in Resources */ = {isa = PBXBuildFile; fileRef = B6B5C9CF1EC443AE006BA487 /* Main.storyboard */; };
		B6B5C9D31EC443AE006BA487 /* Assets.xcassets in Resources */ = {isa = PBXBuildFile; fileRef = B6B5C9D21EC443AE006BA487 /* Assets.xcassets */; };
		B6B5C9D61EC443AE006BA487 /* LaunchScreen.storyboard in Resources */ = {isa = PBXBuildFile; fileRef = B6B5C9D41EC443AE006BA487 /* LaunchScreen.storyboard */; };
		B6B5C9DE1EC44466006BA487 /* FLTableComponentController.swift in Sources */ = {isa = PBXBuildFile; fileRef = B6B5C9DD1EC44466006BA487 /* FLTableComponentController.swift */; };
		B6B5C9E01EC45216006BA487 /* FLTableBaseComponent.swift in Sources */ = {isa = PBXBuildFile; fileRef = B6B5C9DF1EC45216006BA487 /* FLTableBaseComponent.swift */; };
		B6B5C9E21EC454E2006BA487 /* FLTableComponentProtocol.swift in Sources */ = {isa = PBXBuildFile; fileRef = B6B5C9E11EC454E2006BA487 /* FLTableComponentProtocol.swift */; };
		B6B5C9F31EC5964F006BA487 /* FLTableViewHeaderFooterView.swift in Sources */ = {isa = PBXBuildFile; fileRef = B6B5C9F21EC5964E006BA487 /* FLTableViewHeaderFooterView.swift */; };
/* End PBXBuildFile section */

/* Begin PBXFileReference section */
		B62A0BF91ECC2C8E00245D42 /* FLBaseComponent.swift */ = {isa = PBXFileReference; fileEncoding = 4; lastKnownFileType = sourcecode.swift; path = FLBaseComponent.swift; sourceTree = "<group>"; };
		B62A0BFB1ECC2F0A00245D42 /* FLCollectionBaseComponent.swift */ = {isa = PBXFileReference; fileEncoding = 4; lastKnownFileType = sourcecode.swift; path = FLCollectionBaseComponent.swift; sourceTree = "<group>"; };
		B62A0BFD1ECC49B500245D42 /* FLCollectionComponentProtocol.swift */ = {isa = PBXFileReference; fileEncoding = 4; lastKnownFileType = sourcecode.swift; path = FLCollectionComponentProtocol.swift; sourceTree = "<group>"; };
		B62A0BFF1ECC4A3200245D42 /* FLBaseComponentProtocol.swift */ = {isa = PBXFileReference; fileEncoding = 4; lastKnownFileType = sourcecode.swift; path = FLBaseComponentProtocol.swift; sourceTree = "<group>"; };
		B62A0C011ECC4D6800245D42 /* FLCollectionComponentController.swift */ = {isa = PBXFileReference; fileEncoding = 4; lastKnownFileType = sourcecode.swift; path = FLCollectionComponentController.swift; sourceTree = "<group>"; };
		B62A0C071ECD424000245D42 /* FLCollectionViewFlowLayout.swift */ = {isa = PBXFileReference; fileEncoding = 4; lastKnownFileType = sourcecode.swift; path = FLCollectionViewFlowLayout.swift; sourceTree = "<group>"; };
		B62A0C131ED2DD8900245D42 /* DemoCollectionComponentOne.swift */ = {isa = PBXFileReference; fileEncoding = 4; lastKnownFileType = sourcecode.swift; path = DemoCollectionComponentOne.swift; sourceTree = "<group>"; };
		B62A0C141ED2DD8900245D42 /* DemoCollectionComponentTwo.swift */ = {isa = PBXFileReference; fileEncoding = 4; lastKnownFileType = sourcecode.swift; path = DemoCollectionComponentTwo.swift; sourceTree = "<group>"; };
		B62A0C151ED2DD8900245D42 /* DemoCollectionViewCell.swift */ = {isa = PBXFileReference; fileEncoding = 4; lastKnownFileType = sourcecode.swift; path = DemoCollectionViewCell.swift; sourceTree = "<group>"; };
		B62A0C161ED2DD8900245D42 /* DemoCollectionViewCell.xib */ = {isa = PBXFileReference; fileEncoding = 4; lastKnownFileType = file.xib; path = DemoCollectionViewCell.xib; sourceTree = "<group>"; };
		B62A0C171ED2DD8900245D42 /* DemoCollectionViewController.swift */ = {isa = PBXFileReference; fileEncoding = 4; lastKnownFileType = sourcecode.swift; path = DemoCollectionViewController.swift; sourceTree = "<group>"; };
		B62A0C191ED2DD8900245D42 /* DemoComponent.swift */ = {isa = PBXFileReference; fileEncoding = 4; lastKnownFileType = sourcecode.swift; path = DemoComponent.swift; sourceTree = "<group>"; };
		B62A0C1A1ED2DD8900245D42 /* NibDemoComponent.swift */ = {isa = PBXFileReference; fileEncoding = 4; lastKnownFileType = sourcecode.swift; path = NibDemoComponent.swift; sourceTree = "<group>"; };
		B62A0C1B1ED2DD8900245D42 /* NibDemoTableViewCell.swift */ = {isa = PBXFileReference; fileEncoding = 4; lastKnownFileType = sourcecode.swift; path = NibDemoTableViewCell.swift; sourceTree = "<group>"; };
		B62A0C1C1ED2DD8900245D42 /* NibDemoTableViewCell.xib */ = {isa = PBXFileReference; fileEncoding = 4; lastKnownFileType = file.xib; path = NibDemoTableViewCell.xib; sourceTree = "<group>"; };
		B62A0C261ED2DDAA00245D42 /* DemoViewController.swift */ = {isa = PBXFileReference; fileEncoding = 4; lastKnownFileType = sourcecode.swift; path = DemoViewController.swift; sourceTree = "<group>"; };
		B62A0C281ED2E5AF00245D42 /* FLCollectionHeaderFooterView.swift */ = {isa = PBXFileReference; fileEncoding = 4; lastKnownFileType = sourcecode.swift; path = FLCollectionHeaderFooterView.swift; sourceTree = "<group>"; };
		B6B5C9C81EC443AE006BA487 /* FLComponentDemo.app */ = {isa = PBXFileReference; explicitFileType = wrapper.application; includeInIndex = 0; path = FLComponentDemo.app; sourceTree = BUILT_PRODUCTS_DIR; };
		B6B5C9CB1EC443AE006BA487 /* AppDelegate.swift */ = {isa = PBXFileReference; lastKnownFileType = sourcecode.swift; path = AppDelegate.swift; sourceTree = "<group>"; };
		B6B5C9CD1EC443AE006BA487 /* ViewController.swift */ = {isa = PBXFileReference; lastKnownFileType = sourcecode.swift; path = ViewController.swift; sourceTree = "<group>"; };
		B6B5C9D01EC443AE006BA487 /* Base */ = {isa = PBXFileReference; lastKnownFileType = file.storyboard; name = Base; path = Base.lproj/Main.storyboard; sourceTree = "<group>"; };
		B6B5C9D21EC443AE006BA487 /* Assets.xcassets */ = {isa = PBXFileReference; lastKnownFileType = folder.assetcatalog; path = Assets.xcassets; sourceTree = "<group>"; };
		B6B5C9D51EC443AE006BA487 /* Base */ = {isa = PBXFileReference; lastKnownFileType = file.storyboard; name = Base; path = Base.lproj/LaunchScreen.storyboard; sourceTree = "<group>"; };
		B6B5C9D71EC443AE006BA487 /* Info.plist */ = {isa = PBXFileReference; lastKnownFileType = text.plist.xml; path = Info.plist; sourceTree = "<group>"; };
		B6B5C9DD1EC44466006BA487 /* FLTableComponentController.swift */ = {isa = PBXFileReference; fileEncoding = 4; lastKnownFileType = sourcecode.swift; path = FLTableComponentController.swift; sourceTree = "<group>"; };
		B6B5C9DF1EC45216006BA487 /* FLTableBaseComponent.swift */ = {isa = PBXFileReference; fileEncoding = 4; lastKnownFileType = sourcecode.swift; path = FLTableBaseComponent.swift; sourceTree = "<group>"; };
		B6B5C9E11EC454E2006BA487 /* FLTableComponentProtocol.swift */ = {isa = PBXFileReference; fileEncoding = 4; lastKnownFileType = sourcecode.swift; path = FLTableComponentProtocol.swift; sourceTree = "<group>"; };
		B6B5C9F21EC5964E006BA487 /* FLTableViewHeaderFooterView.swift */ = {isa = PBXFileReference; fileEncoding = 4; lastKnownFileType = sourcecode.swift; path = FLTableViewHeaderFooterView.swift; sourceTree = "<group>"; };
/* End PBXFileReference section */

/* Begin PBXFrameworksBuildPhase section */
		B6B5C9C51EC443AE006BA487 /* Frameworks */ = {
			isa = PBXFrameworksBuildPhase;
			buildActionMask = 2147483647;
			files = (
			);
			runOnlyForDeploymentPostprocessing = 0;
		};
/* End PBXFrameworksBuildPhase section */

/* Begin PBXGroup section */
		B62A0C101ED2CCAA00245D42 /* FLCollectionComponent */ = {
			isa = PBXGroup;
			children = (
				B62A0BFB1ECC2F0A00245D42 /* FLCollectionBaseComponent.swift */,
				B62A0BFD1ECC49B500245D42 /* FLCollectionComponentProtocol.swift */,
				B62A0C011ECC4D6800245D42 /* FLCollectionComponentController.swift */,
				B62A0C071ECD424000245D42 /* FLCollectionViewFlowLayout.swift */,
				B62A0C281ED2E5AF00245D42 /* FLCollectionHeaderFooterView.swift */,
			);
			name = FLCollectionComponent;
			sourceTree = "<group>";
		};
		B62A0C111ED2CCCD00245D42 /* FLComponent */ = {
			isa = PBXGroup;
			children = (
				B62A0BF91ECC2C8E00245D42 /* FLBaseComponent.swift */,
				B62A0BFF1ECC4A3200245D42 /* FLBaseComponentProtocol.swift */,
				B6B5C9EB1EC4657E006BA487 /* FLTableComponent */,
				B62A0C101ED2CCAA00245D42 /* FLCollectionComponent */,
			);
			name = FLComponent;
			sourceTree = "<group>";
		};
		B62A0C121ED2DD8900245D42 /* Demo-collectionView */ = {
			isa = PBXGroup;
			children = (
				B62A0C131ED2DD8900245D42 /* DemoCollectionComponentOne.swift */,
				B62A0C141ED2DD8900245D42 /* DemoCollectionComponentTwo.swift */,
				B62A0C151ED2DD8900245D42 /* DemoCollectionViewCell.swift */,
				B62A0C161ED2DD8900245D42 /* DemoCollectionViewCell.xib */,
				B62A0C171ED2DD8900245D42 /* DemoCollectionViewController.swift */,
			);
			path = "Demo-collectionView";
			sourceTree = "<group>";
		};
		B62A0C181ED2DD8900245D42 /* Demo-tableView */ = {
			isa = PBXGroup;
			children = (
				B62A0C261ED2DDAA00245D42 /* DemoViewController.swift */,
				B62A0C191ED2DD8900245D42 /* DemoComponent.swift */,
				B62A0C1A1ED2DD8900245D42 /* NibDemoComponent.swift */,
				B62A0C1B1ED2DD8900245D42 /* NibDemoTableViewCell.swift */,
				B62A0C1C1ED2DD8900245D42 /* NibDemoTableViewCell.xib */,
			);
			path = "Demo-tableView";
			sourceTree = "<group>";
		};
		B6B5C9BF1EC443AE006BA487 = {
			isa = PBXGroup;
			children = (
				B6B5C9CA1EC443AE006BA487 /* FLComponentDemo */,
				B6B5C9C91EC443AE006BA487 /* Products */,
			);
			sourceTree = "<group>";
		};
		B6B5C9C91EC443AE006BA487 /* Products */ = {
			isa = PBXGroup;
			children = (
				B6B5C9C81EC443AE006BA487 /* FLComponentDemo.app */,
			);
			name = Products;
			sourceTree = "<group>";
		};
		B6B5C9CA1EC443AE006BA487 /* FLComponentDemo */ = {
			isa = PBXGroup;
			children = (
				B62A0C111ED2CCCD00245D42 /* FLComponent */,
				B6B5C9CB1EC443AE006BA487 /* AppDelegate.swift */,
				B6B5C9CD1EC443AE006BA487 /* ViewController.swift */,
				B62A0C121ED2DD8900245D42 /* Demo-collectionView */,
				B62A0C181ED2DD8900245D42 /* Demo-tableView */,
				B6B5C9CF1EC443AE006BA487 /* Main.storyboard */,
				B6B5C9D21EC443AE006BA487 /* Assets.xcassets */,
				B6B5C9D41EC443AE006BA487 /* LaunchScreen.storyboard */,
				B6B5C9D71EC443AE006BA487 /* Info.plist */,
			);
			path = FLComponentDemo;
			sourceTree = "<group>";
		};
		B6B5C9EB1EC4657E006BA487 /* FLTableComponent */ = {
			isa = PBXGroup;
			children = (
				B6B5C9DD1EC44466006BA487 /* FLTableComponentController.swift */,
				B6B5C9DF1EC45216006BA487 /* FLTableBaseComponent.swift */,
				B6B5C9E11EC454E2006BA487 /* FLTableComponentProtocol.swift */,
				B6B5C9F21EC5964E006BA487 /* FLTableViewHeaderFooterView.swift */,
			);
			name = FLTableComponent;
			sourceTree = "<group>";
		};
/* End PBXGroup section */

/* Begin PBXNativeTarget section */
		B6B5C9C71EC443AE006BA487 /* FLComponentDemo */ = {
			isa = PBXNativeTarget;
			buildConfigurationList = B6B5C9DA1EC443AE006BA487 /* Build configuration list for PBXNativeTarget "FLComponentDemo" */;
			buildPhases = (
				B6B5C9C41EC443AE006BA487 /* Sources */,
				B6B5C9C51EC443AE006BA487 /* Frameworks */,
				B6B5C9C61EC443AE006BA487 /* Resources */,
			);
			buildRules = (
			);
			dependencies = (
			);
			name = FLComponentDemo;
			productName = FLComponentDemo;
			productReference = B6B5C9C81EC443AE006BA487 /* FLComponentDemo.app */;
			productType = "com.apple.product-type.application";
		};
/* End PBXNativeTarget section */

/* Begin PBXProject section */
		B6B5C9C01EC443AE006BA487 /* Project object */ = {
			isa = PBXProject;
			attributes = {
				LastSwiftUpdateCheck = 0830;
				LastUpgradeCheck = 0830;
				ORGANIZATIONNAME = gitKong;
				TargetAttributes = {
					B6B5C9C71EC443AE006BA487 = {
						CreatedOnToolsVersion = 8.3.1;
						DevelopmentTeam = N9D9Y52FAG;
						ProvisioningStyle = Automatic;
					};
				};
			};
			buildConfigurationList = B6B5C9C31EC443AE006BA487 /* Build configuration list for PBXProject "FLComponentDemo" */;
			compatibilityVersion = "Xcode 3.2";
			developmentRegion = English;
			hasScannedForEncodings = 0;
			knownRegions = (
				en,
				Base,
			);
			mainGroup = B6B5C9BF1EC443AE006BA487;
			productRefGroup = B6B5C9C91EC443AE006BA487 /* Products */;
			projectDirPath = "";
			projectRoot = "";
			targets = (
				B6B5C9C71EC443AE006BA487 /* FLComponentDemo */,
			);
		};
/* End PBXProject section */

/* Begin PBXResourcesBuildPhase section */
		B6B5C9C61EC443AE006BA487 /* Resources */ = {
			isa = PBXResourcesBuildPhase;
			buildActionMask = 2147483647;
			files = (
				B6B5C9D61EC443AE006BA487 /* LaunchScreen.storyboard in Resources */,
				B6B5C9D31EC443AE006BA487 /* Assets.xcassets in Resources */,
				B6B5C9D11EC443AE006BA487 /* Main.storyboard in Resources */,
				B62A0C201ED2DD8900245D42 /* DemoCollectionViewCell.xib in Resources */,
				B62A0C251ED2DD8900245D42 /* NibDemoTableViewCell.xib in Resources */,
			);
			runOnlyForDeploymentPostprocessing = 0;
		};
/* End PBXResourcesBuildPhase section */

/* Begin PBXSourcesBuildPhase section */
		B6B5C9C41EC443AE006BA487 /* Sources */ = {
			isa = PBXSourcesBuildPhase;
			buildActionMask = 2147483647;
			files = (
				B62A0C221ED2DD8900245D42 /* DemoComponent.swift in Sources */,
				B6B5C9E01EC45216006BA487 /* FLTableBaseComponent.swift in Sources */,
				B62A0C231ED2DD8900245D42 /* NibDemoComponent.swift in Sources */,
				B62A0C211ED2DD8900245D42 /* DemoCollectionViewController.swift in Sources */,
				B62A0C1F1ED2DD8900245D42 /* DemoCollectionViewCell.swift in Sources */,
				B62A0C241ED2DD8900245D42 /* NibDemoTableViewCell.swift in Sources */,
				B6B5C9DE1EC44466006BA487 /* FLTableComponentController.swift in Sources */,
				B62A0C1D1ED2DD8900245D42 /* DemoCollectionComponentOne.swift in Sources */,
				B6B5C9F31EC5964F006BA487 /* FLTableViewHeaderFooterView.swift in Sources */,
				B62A0BFA1ECC2C8E00245D42 /* FLBaseComponent.swift in Sources */,
				B62A0C021ECC4D6800245D42 /* FLCollectionComponentController.swift in Sources */,
				B62A0BFE1ECC49B500245D42 /* FLCollectionComponentProtocol.swift in Sources */,
				B6B5C9CE1EC443AE006BA487 /* ViewController.swift in Sources */,
				B62A0BFC1ECC2F0A00245D42 /* FLCollectionBaseComponent.swift in Sources */,
				B6B5C9E21EC454E2006BA487 /* FLTableComponentProtocol.swift in Sources */,
				B62A0C1E1ED2DD8900245D42 /* DemoCollectionComponentTwo.swift in Sources */,
				B62A0C081ECD424000245D42 /* FLCollectionViewFlowLayout.swift in Sources */,
				B6B5C9CC1EC443AE006BA487 /* AppDelegate.swift in Sources */,
				B62A0C001ECC4A3200245D42 /* FLBaseComponentProtocol.swift in Sources */,
				B62A0C291ED2E5AF00245D42 /* FLCollectionHeaderFooterView.swift in Sources */,
				B62A0C271ED2DDAB00245D42 /* DemoViewController.swift in Sources */,
			);
			runOnlyForDeploymentPostprocessing = 0;
		};
/* End PBXSourcesBuildPhase section */

/* Begin PBXVariantGroup section */
		B6B5C9CF1EC443AE006BA487 /* Main.storyboard */ = {
			isa = PBXVariantGroup;
			children = (
				B6B5C9D01EC443AE006BA487 /* Base */,
			);
			name = Main.storyboard;
			sourceTree = "<group>";
		};
		B6B5C9D41EC443AE006BA487 /* LaunchScreen.storyboard */ = {
			isa = PBXVariantGroup;
			children = (
				B6B5C9D51EC443AE006BA487 /* Base */,
			);
			name = LaunchScreen.storyboard;
			sourceTree = "<group>";
		};
/* End PBXVariantGroup section */

/* Begin XCBuildConfiguration section */
		B6B5C9D81EC443AE006BA487 /* Debug */ = {
			isa = XCBuildConfiguration;
			buildSettings = {
				ALWAYS_SEARCH_USER_PATHS = NO;
				CLANG_ANALYZER_NONNULL = YES;
				CLANG_ANALYZER_NUMBER_OBJECT_CONVERSION = YES_AGGRESSIVE;
				CLANG_CXX_LANGUAGE_STANDARD = "gnu++0x";
				CLANG_CXX_LIBRARY = "libc++";
				CLANG_ENABLE_MODULES = YES;
				CLANG_ENABLE_OBJC_ARC = YES;
				CLANG_WARN_BOOL_CONVERSION = YES;
				CLANG_WARN_CONSTANT_CONVERSION = YES;
				CLANG_WARN_DIRECT_OBJC_ISA_USAGE = YES_ERROR;
				CLANG_WARN_DOCUMENTATION_COMMENTS = YES;
				CLANG_WARN_EMPTY_BODY = YES;
				CLANG_WARN_ENUM_CONVERSION = YES;
				CLANG_WARN_INFINITE_RECURSION = YES;
				CLANG_WARN_INT_CONVERSION = YES;
				CLANG_WARN_OBJC_ROOT_CLASS = YES_ERROR;
				CLANG_WARN_SUSPICIOUS_MOVE = YES;
				CLANG_WARN_UNREACHABLE_CODE = YES;
				CLANG_WARN__DUPLICATE_METHOD_MATCH = YES;
				"CODE_SIGN_IDENTITY[sdk=iphoneos*]" = "iPhone Developer";
				COPY_PHASE_STRIP = NO;
				DEBUG_INFORMATION_FORMAT = dwarf;
				ENABLE_STRICT_OBJC_MSGSEND = YES;
				ENABLE_TESTABILITY = YES;
				GCC_C_LANGUAGE_STANDARD = gnu99;
				GCC_DYNAMIC_NO_PIC = NO;
				GCC_NO_COMMON_BLOCKS = YES;
				GCC_OPTIMIZATION_LEVEL = 0;
				GCC_PREPROCESSOR_DEFINITIONS = (
					"DEBUG=1",
					"$(inherited)",
				);
				GCC_WARN_64_TO_32_BIT_CONVERSION = YES;
				GCC_WARN_ABOUT_RETURN_TYPE = YES_ERROR;
				GCC_WARN_UNDECLARED_SELECTOR = YES;
				GCC_WARN_UNINITIALIZED_AUTOS = YES_AGGRESSIVE;
				GCC_WARN_UNUSED_FUNCTION = YES;
				GCC_WARN_UNUSED_VARIABLE = YES;
				IPHONEOS_DEPLOYMENT_TARGET = 8.0;
				MTL_ENABLE_DEBUG_INFO = YES;
				ONLY_ACTIVE_ARCH = YES;
				SDKROOT = iphoneos;
				SWIFT_ACTIVE_COMPILATION_CONDITIONS = DEBUG;
				SWIFT_OPTIMIZATION_LEVEL = "-Onone";
			};
			name = Debug;
		};
		B6B5C9D91EC443AE006BA487 /* Release */ = {
			isa = XCBuildConfiguration;
			buildSettings = {
				ALWAYS_SEARCH_USER_PATHS = NO;
				CLANG_ANALYZER_NONNULL = YES;
				CLANG_ANALYZER_NUMBER_OBJECT_CONVERSION = YES_AGGRESSIVE;
				CLANG_CXX_LANGUAGE_STANDARD = "gnu++0x";
				CLANG_CXX_LIBRARY = "libc++";
				CLANG_ENABLE_MODULES = YES;
				CLANG_ENABLE_OBJC_ARC = YES;
				CLANG_WARN_BOOL_CONVERSION = YES;
				CLANG_WARN_CONSTANT_CONVERSION = YES;
				CLANG_WARN_DIRECT_OBJC_ISA_USAGE = YES_ERROR;
				CLANG_WARN_DOCUMENTATION_COMMENTS = YES;
				CLANG_WARN_EMPTY_BODY = YES;
				CLANG_WARN_ENUM_CONVERSION = YES;
				CLANG_WARN_INFINITE_RECURSION = YES;
				CLANG_WARN_INT_CONVERSION = YES;
				CLANG_WARN_OBJC_ROOT_CLASS = YES_ERROR;
				CLANG_WARN_SUSPICIOUS_MOVE = YES;
				CLANG_WARN_UNREACHABLE_CODE = YES;
				CLANG_WARN__DUPLICATE_METHOD_MATCH = YES;
				"CODE_SIGN_IDENTITY[sdk=iphoneos*]" = "iPhone Developer";
				COPY_PHASE_STRIP = NO;
				DEBUG_INFORMATION_FORMAT = "dwarf-with-dsym";
				ENABLE_NS_ASSERTIONS = NO;
				ENABLE_STRICT_OBJC_MSGSEND = YES;
				GCC_C_LANGUAGE_STANDARD = gnu99;
				GCC_NO_COMMON_BLOCKS = YES;
				GCC_WARN_64_TO_32_BIT_CONVERSION = YES;
				GCC_WARN_ABOUT_RETURN_TYPE = YES_ERROR;
				GCC_WARN_UNDECLARED_SELECTOR = YES;
				GCC_WARN_UNINITIALIZED_AUTOS = YES_AGGRESSIVE;
				GCC_WARN_UNUSED_FUNCTION = YES;
				GCC_WARN_UNUSED_VARIABLE = YES;
				IPHONEOS_DEPLOYMENT_TARGET = 8.0;
				MTL_ENABLE_DEBUG_INFO = NO;
				SDKROOT = iphoneos;
				SWIFT_OPTIMIZATION_LEVEL = "-Owholemodule";
				VALIDATE_PRODUCT = YES;
			};
			name = Release;
		};
		B6B5C9DB1EC443AE006BA487 /* Debug */ = {
			isa = XCBuildConfiguration;
			buildSettings = {
				ASSETCATALOG_COMPILER_APPICON_NAME = AppIcon;
				DEVELOPMENT_TEAM = N9D9Y52FAG;
				INFOPLIST_FILE = FLComponentDemo/Info.plist;
				IPHONEOS_DEPLOYMENT_TARGET = 8.0;
				LD_RUNPATH_SEARCH_PATHS = "$(inherited) @executable_path/Frameworks";
				PRODUCT_BUNDLE_IDENTIFIER = com.gitKong.FLComponentDemo;
				PRODUCT_NAME = "$(TARGET_NAME)";
				SWIFT_VERSION = 3.0;
			};
			name = Debug;
		};
		B6B5C9DC1EC443AE006BA487 /* Release */ = {
			isa = XCBuildConfiguration;
			buildSettings = {
				ASSETCATALOG_COMPILER_APPICON_NAME = AppIcon;
				DEVELOPMENT_TEAM = N9D9Y52FAG;
				INFOPLIST_FILE = FLComponentDemo/Info.plist;
				IPHONEOS_DEPLOYMENT_TARGET = 8.0;
				LD_RUNPATH_SEARCH_PATHS = "$(inherited) @executable_path/Frameworks";
				PRODUCT_BUNDLE_IDENTIFIER = com.gitKong.FLComponentDemo;
				PRODUCT_NAME = "$(TARGET_NAME)";
				SWIFT_VERSION = 3.0;
			};
			name = Release;
		};
/* End XCBuildConfiguration section */

/* Begin XCConfigurationList section */
		B6B5C9C31EC443AE006BA487 /* Build configuration list for PBXProject "FLComponentDemo" */ = {
			isa = XCConfigurationList;
			buildConfigurations = (
				B6B5C9D81EC443AE006BA487 /* Debug */,
				B6B5C9D91EC443AE006BA487 /* Release */,
			);
			defaultConfigurationIsVisible = 0;
			defaultConfigurationName = Release;
		};
		B6B5C9DA1EC443AE006BA487 /* Build configuration list for PBXNativeTarget "FLComponentDemo" */ = {
			isa = XCConfigurationList;
			buildConfigurations = (
				B6B5C9DB1EC443AE006BA487 /* Debug */,
				B6B5C9DC1EC443AE006BA487 /* Release */,
			);
			defaultConfigurationIsVisible = 0;
			defaultConfigurationName = Release;
		};
/* End XCConfigurationList section */
	};
	rootObject = B6B5C9C01EC443AE006BA487 /* Project object */;
}
